
Microsoft Visual Studio Solution File, Format Version 12.00
# Visual Studio 15
VisualStudioVersion = 15.0.27428.2011
MinimumVisualStudioVersion = 10.0.40219.1
Project("{FAE04EC0-301F-11D3-BF4B-00C04F79EFBC}") = "PSOFunctionApproximation", "PSOFunctionApproximation\PSOFunctionApproximation.csproj", "{67546364-3C4A-4F7D-9C88-ACF81666A299}"
EndProject
Project("{FAE04EC0-301F-11D3-BF4B-00C04F79EFBC}") = "KMeansImageSegmentation", "KMeanImageSegmentation\KMeansImageSegmentation.csproj", "{A99D89CD-5079-4EA8-BB60-199567F4465E}"
EndProject
Project("{FAE04EC0-301F-11D3-BF4B-00C04F79EFBC}") = "GATravelingSalesman", "GATravelingSalesman\GATravelingSalesman.csproj", "{1780B75C-D189-4FA4-AEA3-C9534E4C02B0}"
EndProject
Global
	GlobalSection(SolutionConfigurationPlatforms) = preSolution
		Debug|Any CPU = Debug|Any CPU
		Release|Any CPU = Release|Any CPU
	EndGlobalSection
	GlobalSection(ProjectConfigurationPlatforms) = postSolution
		{67546364-3C4A-4F7D-9C88-ACF81666A299}.Debug|Any CPU.ActiveCfg = Debug|Any CPU
		{67546364-3C4A-4F7D-9C88-ACF81666A299}.Debug|Any CPU.Build.0 = Debug|Any CPU
		{67546364-3C4A-4F7D-9C88-ACF81666A299}.Release|Any CPU.ActiveCfg = Release|Any CPU
		{67546364-3C4A-4F7D-9C88-ACF81666A299}.Release|Any CPU.Build.0 = Release|Any CPU
		{A99D89CD-5079-4EA8-BB60-199567F4465E}.Debug|Any CPU.ActiveCfg = Debug|Any CPU
		{A99D89CD-5079-4EA8-BB60-199567F4465E}.Debug|Any CPU.Build.0 = Debug|Any CPU
		{A99D89CD-5079-4EA8-BB60-199567F4465E}.Release|Any CPU.ActiveCfg = Release|Any CPU
		{A99D89CD-5079-4EA8-BB60-199567F4465E}.Release|Any CPU.Build.0 = Release|Any CPU
		{1780B75C-D189-4FA4-AEA3-C9534E4C02B0}.Debug|Any CPU.ActiveCfg = Debug|Any CPU
		{1780B75C-D189-4FA4-AEA3-C9534E4C02B0}.Debug|Any CPU.Build.0 = Debug|Any CPU
		{1780B75C-D189-4FA4-AEA3-C9534E4C02B0}.Release|Any CPU.ActiveCfg = Release|Any CPU
		{1780B75C-D189-4FA4-AEA3-C9534E4C02B0}.Release|Any CPU.Build.0 = Release|Any CPU
	EndGlobalSection
	GlobalSection(SolutionProperties) = preSolution
		HideSolutionNode = FALSE
	EndGlobalSection
	GlobalSection(ExtensibilityGlobals) = postSolution
		SolutionGuid = {19454D1F-FBAD-4BB1-B1CA-5F5ECBD4D303}
	EndGlobalSection
EndGlobal
